{
  "name": "chat-bot",
  "version": "0.0.0",
  "lockfileVersion": 1,
  "requires": true,
  "dependencies": {
    "api-ai-javascript": {
      "version": "2.0.0-beta.21",
      "resolved": "https://registry.npmjs.org/api-ai-javascript/-/api-ai-javascript-2.0.0-beta.21.tgz",
      "integrity": "sha1-Q0ZfaDXcTw4U4DEcC7ZAF/MUi1s=",
      "dev": true
    },
    "typescript": {
      "version": "2.7.0-dev.20171220",
      "resolved": "https://registry.npmjs.org/typescript/-/typescript-2.7.0-dev.20171220.tgz",
      "integrity": "sha512-FpuHYniUwj5luzeVVqUY3CtUYu3XfN2YMUvR31B9Y+eL5126d5xZAHhY9abznjfqIF/TM7xnpj1Dry8fC3x8xg==",
      "dev": true
    }
  }
}
